
Microsoft Visual Studio Solution File, Format Version 12.00
# Visual Studio Version 17
VisualStudioVersion = 17.1.32210.238
MinimumVisualStudioVersion = 10.0.40219.1
Project("{FAE04EC0-301F-11D3-BF4B-00C04F79EFBC}") = "JovemProgramadorMvc2", "JovemProgramadorMvc2\JovemProgramadorMvc2.csproj", "{DDA45CE2-C2D1-4FCE-B4C8-9B5818820A57}"
EndProject
Global
	GlobalSection(SolutionConfigurationPlatforms) = preSolution
		Debug|Any CPU = Debug|Any CPU
		Release|Any CPU = Release|Any CPU
	EndGlobalSection
	GlobalSection(ProjectConfigurationPlatforms) = postSolution
		{DDA45CE2-C2D1-4FCE-B4C8-9B5818820A57}.Debug|Any CPU.ActiveCfg = Debug|Any CPU
		{DDA45CE2-C2D1-4FCE-B4C8-9B5818820A57}.Debug|Any CPU.Build.0 = Debug|Any CPU
		{DDA45CE2-C2D1-4FCE-B4C8-9B5818820A57}.Release|Any CPU.ActiveCfg = Release|Any CPU
		{DDA45CE2-C2D1-4FCE-B4C8-9B5818820A57}.Release|Any CPU.Build.0 = Release|Any CPU
	EndGlobalSection
	GlobalSection(SolutionProperties) = preSolution
		HideSolutionNode = FALSE
	EndGlobalSection
	GlobalSection(ExtensibilityGlobals) = postSolution
		SolutionGuid = {D03C5757-BF70-4001-891E-9530A37068C4}
	EndGlobalSection
EndGlobal
